
Microsoft Visual Studio Solution File, Format Version 12.00
# Visual Studio 2013
VisualStudioVersion = 12.0.31101.0
MinimumVisualStudioVersion = 10.0.40219.1
Project("{FAE04EC0-301F-11D3-BF4B-00C04F79EFBC}") = "LabyMobile", "LabyMobile\LabyMobile.csproj", "{B10CB374-1D81-40C9-9E54-2C1D5F1197CB}"
EndProject
Project("{FAE04EC0-301F-11D3-BF4B-00C04F79EFBC}") = "LabySystem", "LabySystem\LabySystem.csproj", "{F31C4BBB-9373-4F4D-BFF3-1010FCA5A11C}"
EndProject
Global
	GlobalSection(SolutionConfigurationPlatforms) = preSolution
		Debug|Any CPU = Debug|Any CPU
		Release|Any CPU = Release|Any CPU
	EndGlobalSection
	GlobalSection(ProjectConfigurationPlatforms) = postSolution
		{B10CB374-1D81-40C9-9E54-2C1D5F1197CB}.Debug|Any CPU.ActiveCfg = Debug|Any CPU
		{B10CB374-1D81-40C9-9E54-2C1D5F1197CB}.Debug|Any CPU.Build.0 = Debug|Any CPU
		{B10CB374-1D81-40C9-9E54-2C1D5F1197CB}.Debug|Any CPU.Deploy.0 = Debug|Any CPU
		{B10CB374-1D81-40C9-9E54-2C1D5F1197CB}.Release|Any CPU.ActiveCfg = Release|Any CPU
		{B10CB374-1D81-40C9-9E54-2C1D5F1197CB}.Release|Any CPU.Build.0 = Release|Any CPU
		{B10CB374-1D81-40C9-9E54-2C1D5F1197CB}.Release|Any CPU.Deploy.0 = Release|Any CPU
		{F31C4BBB-9373-4F4D-BFF3-1010FCA5A11C}.Debug|Any CPU.ActiveCfg = Debug|Any CPU
		{F31C4BBB-9373-4F4D-BFF3-1010FCA5A11C}.Debug|Any CPU.Build.0 = Debug|Any CPU
		{F31C4BBB-9373-4F4D-BFF3-1010FCA5A11C}.Release|Any CPU.ActiveCfg = Release|Any CPU
		{F31C4BBB-9373-4F4D-BFF3-1010FCA5A11C}.Release|Any CPU.Build.0 = Release|Any CPU
	EndGlobalSection
	GlobalSection(SolutionProperties) = preSolution
		HideSolutionNode = FALSE
	EndGlobalSection
EndGlobal
